// !$*UTF8*$!
{
	archiveVersion = 1;
	classes = {
	};
	objectVersion = 46;
	objects = {

/* Begin PBXBuildFile section */
		84B3D8D51B53CEDC00629E97 /* main.m in Sources */ = {isa = PBXBuildFile; fileRef = 84B3D8D41B53CEDC00629E97 /* main.m */; };
		84B3D8D81B53CEDC00629E97 /* AppDelegate.m in Sources */ = {isa = PBXBuildFile; fileRef = 84B3D8D71B53CEDC00629E97 /* AppDelegate.m */; };
		84B3D8DB1B53CEDC00629E97 /* ViewController.m in Sources */ = {isa = PBXBuildFile; fileRef = 84B3D8DA1B53CEDC00629E97 /* ViewController.m */; };
		84B3D8DE1B53CEDC00629E97 /* Main.storyboard in Resources */ = {isa = PBXBuildFile; fileRef = 84B3D8DC1B53CEDC00629E97 /* Main.storyboard */; };
		84B3D8E01B53CEDC00629E97 /* Images.xcassets in Resources */ = {isa = PBXBuildFile; fileRef = 84B3D8DF1B53CEDC00629E97 /* Images.xcassets */; };
		84B3D8E31B53CEDC00629E97 /* LaunchScreen.xib in Resources */ = {isa = PBXBuildFile; fileRef = 84B3D8E11B53CEDC00629E97 /* LaunchScreen.xib */; };
		84B3D8EF1B53CEDD00629E97 /* CollectionViewTests.m in Sources */ = {isa = PBXBuildFile; fileRef = 84B3D8EE1B53CEDD00629E97 /* CollectionViewTests.m */; };
		84B3D8FC1B53CF9500629E97 /* CHTCollectionViewWaterfallLayout.m in Sources */ = {isa = PBXBuildFile; fileRef = 84B3D8FB1B53CF9500629E97 /* CHTCollectionViewWaterfallLayout.m */; };
		84B3D9001B53D3F300629E97 /* CollectionViewCell.m in Sources */ = {isa = PBXBuildFile; fileRef = 84B3D8FF1B53D3F300629E97 /* CollectionViewCell.m */; };
		84B3D9061B53D6EA00629E97 /* cat1.jpg in Resources */ = {isa = PBXBuildFile; fileRef = 84B3D9021B53D6EA00629E97 /* cat1.jpg */; };
		84B3D9071B53D6EA00629E97 /* cat2.jpg in Resources */ = {isa = PBXBuildFile; fileRef = 84B3D9031B53D6EA00629E97 /* cat2.jpg */; };
		84B3D9081B53D6EA00629E97 /* cat3.jpg in Resources */ = {isa = PBXBuildFile; fileRef = 84B3D9041B53D6EA00629E97 /* cat3.jpg */; };
		84B3D9091B53D6EA00629E97 /* cat4.jpg in Resources */ = {isa = PBXBuildFile; fileRef = 84B3D9051B53D6EA00629E97 /* cat4.jpg */; };
		84B3D90C1B53E9CB00629E97 /* data.json in Resources */ = {isa = PBXBuildFile; fileRef = 84B3D90B1B53E9CB00629E97 /* data.json */; };
		84B3D90F1B53EAC800629E97 /* ManagerData.m in Sources */ = {isa = PBXBuildFile; fileRef = 84B3D90E1B53EAC800629E97 /* ManagerData.m */; };
		F508EEFF4BD08169044CA6C7 /* libPods.a in Frameworks */ = {isa = PBXBuildFile; fileRef = 693EBB8538A9568E628628FE /* libPods.a */; };
/* End PBXBuildFile section */

/* Begin PBXContainerItemProxy section */
		84B3D8E91B53CEDD00629E97 /* PBXContainerItemProxy */ = {
			isa = PBXContainerItemProxy;
			containerPortal = 84B3D8C71B53CEDC00629E97 /* Project object */;
			proxyType = 1;
			remoteGlobalIDString = 84B3D8CE1B53CEDC00629E97;
			remoteInfo = CollectionView;
		};
/* End PBXContainerItemProxy section */

/* Begin PBXFileReference section */
		693EBB8538A9568E628628FE /* libPods.a */ = {isa = PBXFileReference; explicitFileType = archive.ar; includeInIndex = 0; path = libPods.a; sourceTree = BUILT_PRODUCTS_DIR; };
		7B1CF64AA6777D32DF8939FA /* Pods.debug.xcconfig */ = {isa = PBXFileReference; includeInIndex = 1; lastKnownFileType = text.xcconfig; name = Pods.debug.xcconfig; path = "Pods/Target Support Files/Pods/Pods.debug.xcconfig"; sourceTree = "<group>"; };
		84B3D8CF1B53CEDC00629E97 /* CollectionView.app */ = {isa = PBXFileReference; explicitFileType = wrapper.application; includeInIndex = 0; path = CollectionView.app; sourceTree = BUILT_PRODUCTS_DIR; };
		84B3D8D31B53CEDC00629E97 /* Info.plist */ = {isa = PBXFileReference; lastKnownFileType = text.plist.xml; path = Info.plist; sourceTree = "<group>"; };
		84B3D8D41B53CEDC00629E97 /* main.m */ = {isa = PBXFileReference; lastKnownFileType = sourcecode.c.objc; path = main.m; sourceTree = "<group>"; };
		84B3D8D61B53CEDC00629E97 /* AppDelegate.h */ = {isa = PBXFileReference; lastKnownFileType = sourcecode.c.h; path = AppDelegate.h; sourceTree = "<group>"; };
		84B3D8D71B53CEDC00629E97 /* AppDelegate.m */ = {isa = PBXFileReference; lastKnownFileType = sourcecode.c.objc; path = AppDelegate.m; sourceTree = "<group>"; };
		84B3D8D91B53CEDC00629E97 /* ViewController.h */ = {isa = PBXFileReference; lastKnownFileType = sourcecode.c.h; path = ViewController.h; sourceTree = "<group>"; };
		84B3D8DA1B53CEDC00629E97 /* ViewController.m */ = {isa = PBXFileReference; lastKnownFileType = sourcecode.c.objc; path = ViewController.m; sourceTree = "<group>"; };
		84B3D8DD1B53CEDC00629E97 /* Base */ = {isa = PBXFileReference; lastKnownFileType = file.storyboard; name = Base; path = Base.lproj/Main.storyboard; sourceTree = "<group>"; };
		84B3D8DF1B53CEDC00629E97 /* Images.xcassets */ = {isa = PBXFileReference; lastKnownFileType = folder.assetcatalog; path = Images.xcassets; sourceTree = "<group>"; };
		84B3D8E21B53CEDC00629E97 /* Base */ = {isa = PBXFileReference; lastKnownFileType = file.xib; name = Base; path = Base.lproj/LaunchScreen.xib; sourceTree = "<group>"; };
		84B3D8E81B53CEDD00629E97 /* CollectionViewTests.xctest */ = {isa = PBXFileReference; explicitFileType = wrapper.cfbundle; includeInIndex = 0; path = CollectionViewTests.xctest; sourceTree = BUILT_PRODUCTS_DIR; };
		84B3D8ED1B53CEDD00629E97 /* Info.plist */ = {isa = PBXFileReference; lastKnownFileType = text.plist.xml; path = Info.plist; sourceTree = "<group>"; };
		84B3D8EE1B53CEDD00629E97 /* CollectionViewTests.m */ = {isa = PBXFileReference; lastKnownFileType = sourcecode.c.objc; path = CollectionViewTests.m; sourceTree = "<group>"; };
		84B3D8FA1B53CF9500629E97 /* CHTCollectionViewWaterfallLayout.h */ = {isa = PBXFileReference; fileEncoding = 4; lastKnownFileType = sourcecode.c.h; name = CHTCollectionViewWaterfallLayout.h; path = CustomLayout/CHTCollectionViewWaterfallLayout.h; sourceTree = "<group>"; };
		84B3D8FB1B53CF9500629E97 /* CHTCollectionViewWaterfallLayout.m */ = {isa = PBXFileReference; fileEncoding = 4; lastKnownFileType = sourcecode.c.objc; name = CHTCollectionViewWaterfallLayout.m; path = CustomLayout/CHTCollectionViewWaterfallLayout.m; sourceTree = "<group>"; };
		84B3D8FE1B53D3F300629E97 /* CollectionViewCell.h */ = {isa = PBXFileReference; fileEncoding = 4; lastKnownFileType = sourcecode.c.h; name = CollectionViewCell.h; path = Views/CollectionViewCell.h; sourceTree = "<group>"; };
		84B3D8FF1B53D3F300629E97 /* CollectionViewCell.m */ = {isa = PBXFileReference; fileEncoding = 4; lastKnownFileType = sourcecode.c.objc; name = CollectionViewCell.m; path = Views/CollectionViewCell.m; sourceTree = "<group>"; };
		84B3D9021B53D6EA00629E97 /* cat1.jpg */ = {isa = PBXFileReference; lastKnownFileType = image.jpeg; name = cat1.jpg; path = images/cat1.jpg; sourceTree = "<group>"; };
		84B3D9031B53D6EA00629E97 /* cat2.jpg */ = {isa = PBXFileReference; lastKnownFileType = image.jpeg; name = cat2.jpg; path = images/cat2.jpg; sourceTree = "<group>"; };
		84B3D9041B53D6EA00629E97 /* cat3.jpg */ = {isa = PBXFileReference; lastKnownFileType = image.jpeg; name = cat3.jpg; path = images/cat3.jpg; sourceTree = "<group>"; };
		84B3D9051B53D6EA00629E97 /* cat4.jpg */ = {isa = PBXFileReference; lastKnownFileType = image.jpeg; name = cat4.jpg; path = images/cat4.jpg; sourceTree = "<group>"; };
		84B3D90B1B53E9CB00629E97 /* data.json */ = {isa = PBXFileReference; fileEncoding = 4; lastKnownFileType = text.json; name = data.json; path = Resources/data.json; sourceTree = "<group>"; };
		84B3D90D1B53EAC800629E97 /* ManagerData.h */ = {isa = PBXFileReference; fileEncoding = 4; lastKnownFileType = sourcecode.c.h; name = ManagerData.h; path = Resources/ManagerData.h; sourceTree = "<group>"; };
		84B3D90E1B53EAC800629E97 /* ManagerData.m */ = {isa = PBXFileReference; fileEncoding = 4; lastKnownFileType = sourcecode.c.objc; name = ManagerData.m; path = Resources/ManagerData.m; sourceTree = "<group>"; };
		91D1B1240DD89A3064335226 /* Pods.release.xcconfig */ = {isa = PBXFileReference; includeInIndex = 1; lastKnownFileType = text.xcconfig; name = Pods.release.xcconfig; path = "Pods/Target Support Files/Pods/Pods.release.xcconfig"; sourceTree = "<group>"; };
/* End PBXFileReference section */

/* Begin PBXFrameworksBuildPhase section */
		84B3D8CC1B53CEDC00629E97 /* Frameworks */ = {
			isa = PBXFrameworksBuildPhase;
			buildActionMask = 2147483647;
			files = (
				F508EEFF4BD08169044CA6C7 /* libPods.a in Frameworks */,
			);
			runOnlyForDeploymentPostprocessing = 0;
		};
		84B3D8E51B53CEDD00629E97 /* Frameworks */ = {
			isa = PBXFrameworksBuildPhase;
			buildActionMask = 2147483647;
			files = (
			);
			runOnlyForDeploymentPostprocessing = 0;
		};
/* End PBXFrameworksBuildPhase section */

/* Begin PBXGroup section */
		431DF4043AD0DE2445EC0ABE /* Frameworks */ = {
			isa = PBXGroup;
			children = (
				693EBB8538A9568E628628FE /* libPods.a */,
			);
			name = Frameworks;
			sourceTree = "<group>";
		};
		84B3D8C61B53CEDC00629E97 = {
			isa = PBXGroup;
			children = (
				84B3D8D11B53CEDC00629E97 /* CollectionView */,
				84B3D8EB1B53CEDD00629E97 /* CollectionViewTests */,
				84B3D8D01B53CEDC00629E97 /* Products */,
				D3DF8863BF65CBAC9FA1B411 /* Pods */,
				431DF4043AD0DE2445EC0ABE /* Frameworks */,
			);
			sourceTree = "<group>";
		};
		84B3D8D01B53CEDC00629E97 /* Products */ = {
			isa = PBXGroup;
			children = (
				84B3D8CF1B53CEDC00629E97 /* CollectionView.app */,
				84B3D8E81B53CEDD00629E97 /* CollectionViewTests.xctest */,
			);
			name = Products;
			sourceTree = "<group>";
		};
		84B3D8D11B53CEDC00629E97 /* CollectionView */ = {
			isa = PBXGroup;
			children = (
				84B3D90A1B53E9AF00629E97 /* Resources */,
				84B3D8FD1B53D3B600629E97 /* Views */,
				84B3D8F91B53CF7D00629E97 /* CustomLayout */,
				84B3D8F81B53CEF600629E97 /* VCs */,
				84B3D8D61B53CEDC00629E97 /* AppDelegate.h */,
				84B3D8D71B53CEDC00629E97 /* AppDelegate.m */,
				84B3D8DC1B53CEDC00629E97 /* Main.storyboard */,
				84B3D8D21B53CEDC00629E97 /* Supporting Files */,
			);
			path = CollectionView;
			sourceTree = "<group>";
		};
		84B3D8D21B53CEDC00629E97 /* Supporting Files */ = {
			isa = PBXGroup;
			children = (
				84B3D9011B53D6D600629E97 /* SourceImages */,
				84B3D8DF1B53CEDC00629E97 /* Images.xcassets */,
				84B3D8E11B53CEDC00629E97 /* LaunchScreen.xib */,
				84B3D8D31B53CEDC00629E97 /* Info.plist */,
				84B3D8D41B53CEDC00629E97 /* main.m */,
			);
			name = "Supporting Files";
			sourceTree = "<group>";
		};
		84B3D8EB1B53CEDD00629E97 /* CollectionViewTests */ = {
			isa = PBXGroup;
			children = (
				84B3D8EE1B53CEDD00629E97 /* CollectionViewTests.m */,
				84B3D8EC1B53CEDD00629E97 /* Supporting Files */,
			);
			path = CollectionViewTests;
			sourceTree = "<group>";
		};
		84B3D8EC1B53CEDD00629E97 /* Supporting Files */ = {
			isa = PBXGroup;
			children = (
				84B3D8ED1B53CEDD00629E97 /* Info.plist */,
			);
			name = "Supporting Files";
			sourceTree = "<group>";
		};
		84B3D8F81B53CEF600629E97 /* VCs */ = {
			isa = PBXGroup;
			children = (
				84B3D8D91B53CEDC00629E97 /* ViewController.h */,
				84B3D8DA1B53CEDC00629E97 /* ViewController.m */,
			);
			name = VCs;
			sourceTree = "<group>";
		};
		84B3D8F91B53CF7D00629E97 /* CustomLayout */ = {
			isa = PBXGroup;
			children = (
				84B3D8FA1B53CF9500629E97 /* CHTCollectionViewWaterfallLayout.h */,
				84B3D8FB1B53CF9500629E97 /* CHTCollectionViewWaterfallLayout.m */,
			);
			name = CustomLayout;
			sourceTree = "<group>";
		};
		84B3D8FD1B53D3B600629E97 /* Views */ = {
			isa = PBXGroup;
			children = (
				84B3D8FE1B53D3F300629E97 /* CollectionViewCell.h */,
				84B3D8FF1B53D3F300629E97 /* CollectionViewCell.m */,
			);
			name = Views;
			sourceTree = "<group>";
		};
		84B3D9011B53D6D600629E97 /* SourceImages */ = {
			isa = PBXGroup;
			children = (
				84B3D9021B53D6EA00629E97 /* cat1.jpg */,
				84B3D9031B53D6EA00629E97 /* cat2.jpg */,
				84B3D9041B53D6EA00629E97 /* cat3.jpg */,
				84B3D9051B53D6EA00629E97 /* cat4.jpg */,
			);
			name = SourceImages;
			sourceTree = "<group>";
		};
		84B3D90A1B53E9AF00629E97 /* Resources */ = {
			isa = PBXGroup;
			children = (
				84B3D90B1B53E9CB00629E97 /* data.json */,
				84B3D90D1B53EAC800629E97 /* ManagerData.h */,
				84B3D90E1B53EAC800629E97 /* ManagerData.m */,
			);
			name = Resources;
			sourceTree = "<group>";
		};
		D3DF8863BF65CBAC9FA1B411 /* Pods */ = {
			isa = PBXGroup;
			children = (
				7B1CF64AA6777D32DF8939FA /* Pods.debug.xcconfig */,
				91D1B1240DD89A3064335226 /* Pods.release.xcconfig */,
			);
			name = Pods;
			sourceTree = "<group>";
		};
/* End PBXGroup section */

/* Begin PBXNativeTarget section */
		84B3D8CE1B53CEDC00629E97 /* CollectionView */ = {
			isa = PBXNativeTarget;
			buildConfigurationList = 84B3D8F21B53CEDD00629E97 /* Build configuration list for PBXNativeTarget "CollectionView" */;
			buildPhases = (
				96078DF6E236A01CEAEB6A1A /* Check Pods Manifest.lock */,
				84B3D8CB1B53CEDC00629E97 /* Sources */,
				84B3D8CC1B53CEDC00629E97 /* Frameworks */,
				84B3D8CD1B53CEDC00629E97 /* Resources */,
				AC20FEDA114C05BD924AC7F1 /* Copy Pods Resources */,
			);
			buildRules = (
			);
			dependencies = (
			);
			name = CollectionView;
			productName = CollectionView;
			productReference = 84B3D8CF1B53CEDC00629E97 /* CollectionView.app */;
			productType = "com.apple.product-type.application";
		};
		84B3D8E71B53CEDD00629E97 /* CollectionViewTests */ = {
			isa = PBXNativeTarget;
			buildConfigurationList = 84B3D8F51B53CEDD00629E97 /* Build configuration list for PBXNativeTarget "CollectionViewTests" */;
			buildPhases = (
				84B3D8E41B53CEDD00629E97 /* Sources */,
				84B3D8E51B53CEDD00629E97 /* Frameworks */,
				84B3D8E61B53CEDD00629E97 /* Resources */,
			);
			buildRules = (
			);
			dependencies = (
				84B3D8EA1B53CEDD00629E97 /* PBXTargetDependency */,
			);
			name = CollectionViewTests;
			productName = CollectionViewTests;
			productReference = 84B3D8E81B53CEDD00629E97 /* CollectionViewTests.xctest */;
			productType = "com.apple.product-type.bundle.unit-test";
		};
/* End PBXNativeTarget section */

/* Begin PBXProject section */
		84B3D8C71B53CEDC00629E97 /* Project object */ = {
			isa = PBXProject;
			attributes = {
				LastUpgradeCheck = 0620;
				ORGANIZATIONNAME = Admin;
				TargetAttributes = {
					84B3D8CE1B53CEDC00629E97 = {
						CreatedOnToolsVersion = 6.2;
					};
					84B3D8E71B53CEDD00629E97 = {
						CreatedOnToolsVersion = 6.2;
						TestTargetID = 84B3D8CE1B53CEDC00629E97;
					};
				};
			};
			buildConfigurationList = 84B3D8CA1B53CEDC00629E97 /* Build configuration list for PBXProject "CollectionView" */;
			compatibilityVersion = "Xcode 3.2";
			developmentRegion = English;
			hasScannedForEncodings = 0;
			knownRegions = (
				en,
				Base,
			);
			mainGroup = 84B3D8C61B53CEDC00629E97;
			productRefGroup = 84B3D8D01B53CEDC00629E97 /* Products */;
			projectDirPath = "";
			projectRoot = "";
			targets = (
				84B3D8CE1B53CEDC00629E97 /* CollectionView */,
				84B3D8E71B53CEDD00629E97 /* CollectionViewTests */,
			);
		};
/* End PBXProject section */

/* Begin PBXResourcesBuildPhase section */
		84B3D8CD1B53CEDC00629E97 /* Resources */ = {
			isa = PBXResourcesBuildPhase;
			buildActionMask = 2147483647;
			files = (
				84B3D9061B53D6EA00629E97 /* cat1.jpg in Resources */,
				84B3D9091B53D6EA00629E97 /* cat4.jpg in Resources */,
				84B3D9071B53D6EA00629E97 /* cat2.jpg in Resources */,
				84B3D90C1B53E9CB00629E97 /* data.json in Resources */,
				84B3D8DE1B53CEDC00629E97 /* Main.storyboard in Resources */,
				84B3D8E31B53CEDC00629E97 /* LaunchScreen.xib in Resources */,
				84B3D9081B53D6EA00629E97 /* cat3.jpg in Resources */,
				84B3D8E01B53CEDC00629E97 /* Images.xcassets in Resources */,
			);
			runOnlyForDeploymentPostprocessing = 0;
		};
		84B3D8E61B53CEDD00629E97 /* Resources */ = {
			isa = PBXResourcesBuildPhase;
			buildActionMask = 2147483647;
			files = (
			);
			runOnlyForDeploymentPostprocessing = 0;
		};
/* End PBXResourcesBuildPhase section */

/* Begin PBXShellScriptBuildPhase section */
		96078DF6E236A01CEAEB6A1A /* Check Pods Manifest.lock */ = {
			isa = PBXShellScriptBuildPhase;
			buildActionMask = 2147483647;
			files = (
			);
			inputPaths = (
			);
			name = "Check Pods Manifest.lock";
			outputPaths = (
			);
			runOnlyForDeploymentPostprocessing = 0;
			shellPath = /bin/sh;
			shellScript = "diff \"${PODS_ROOT}/../Podfile.lock\" \"${PODS_ROOT}/Manifest.lock\" > /dev/null\nif [[ $? != 0 ]] ; then\n    cat << EOM\nerror: The sandbox is not in sync with the Podfile.lock. Run 'pod install' or update your CocoaPods installation.\nEOM\n    exit 1\nfi\n";
			showEnvVarsInLog = 0;
		};
		AC20FEDA114C05BD924AC7F1 /* Copy Pods Resources */ = {
			isa = PBXShellScriptBuildPhase;
			buildActionMask = 2147483647;
			files = (
			);
			inputPaths = (
			);
			name = "Copy Pods Resources";
			outputPaths = (
			);
			runOnlyForDeploymentPostprocessing = 0;
			shellPath = /bin/sh;
			shellScript = "\"${SRCROOT}/Pods/Target Support Files/Pods/Pods-resources.sh\"\n";
			showEnvVarsInLog = 0;
		};
/* End PBXShellScriptBuildPhase section */

/* Begin PBXSourcesBuildPhase section */
		84B3D8CB1B53CEDC00629E97 /* Sources */ = {
			isa = PBXSourcesBuildPhase;
			buildActionMask = 2147483647;
			files = (
				84B3D8DB1B53CEDC00629E97 /* ViewController.m in Sources */,
				84B3D90F1B53EAC800629E97 /* ManagerData.m in Sources */,
				84B3D9001B53D3F300629E97 /* CollectionViewCell.m in Sources */,
				84B3D8D81B53CEDC00629E97 /* AppDelegate.m in Sources */,
				84B3D8D51B53CEDC00629E97 /* main.m in Sources */,
				84B3D8FC1B53CF9500629E97 /* CHTCollectionViewWaterfallLayout.m in Sources */,
			);
			runOnlyForDeploymentPostprocessing = 0;
		};
		84B3D8E41B53CEDD00629E97 /* Sources */ = {
			isa = PBXSourcesBuildPhase;
			buildActionMask = 2147483647;
			files = (
				84B3D8EF1B53CEDD00629E97 /* CollectionViewTests.m in Sources */,
			);
			runOnlyForDeploymentPostprocessing = 0;
		};
/* End PBXSourcesBuildPhase section */

/* Begin PBXTargetDependency section */
		84B3D8EA1B53CEDD00629E97 /* PBXTargetDependency */ = {
			isa = PBXTargetDependency;
			target = 84B3D8CE1B53CEDC00629E97 /* CollectionView */;
			targetProxy = 84B3D8E91B53CEDD00629E97 /* PBXContainerItemProxy */;
		};
/* End PBXTargetDependency section */

/* Begin PBXVariantGroup section */
		84B3D8DC1B53CEDC00629E97 /* Main.storyboard */ = {
			isa = PBXVariantGroup;
			children = (
				84B3D8DD1B53CEDC00629E97 /* Base */,
			);
			name = Main.storyboard;
			sourceTree = "<group>";
		};
		84B3D8E11B53CEDC00629E97 /* LaunchScreen.xib */ = {
			isa = PBXVariantGroup;
			children = (
				84B3D8E21B53CEDC00629E97 /* Base */,
			);
			name = LaunchScreen.xib;
			sourceTree = "<group>";
		};
/* End PBXVariantGroup section */

/* Begin XCBuildConfiguration section */
		84B3D8F01B53CEDD00629E97 /* Debug */ = {
			isa = XCBuildConfiguration;
			buildSettings = {
				ALWAYS_SEARCH_USER_PATHS = NO;
				CLANG_CXX_LANGUAGE_STANDARD = "gnu++0x";
				CLANG_CXX_LIBRARY = "libc++";
				CLANG_ENABLE_MODULES = YES;
				CLANG_ENABLE_OBJC_ARC = YES;
				CLANG_WARN_BOOL_CONVERSION = YES;
				CLANG_WARN_CONSTANT_CONVERSION = YES;
				CLANG_WARN_DIRECT_OBJC_ISA_USAGE = YES_ERROR;
				CLANG_WARN_EMPTY_BODY = YES;
				CLANG_WARN_ENUM_CONVERSION = YES;
				CLANG_WARN_INT_CONVERSION = YES;
				CLANG_WARN_OBJC_ROOT_CLASS = YES_ERROR;
				CLANG_WARN_UNREACHABLE_CODE = YES;
				CLANG_WARN__DUPLICATE_METHOD_MATCH = YES;
				"CODE_SIGN_IDENTITY[sdk=iphoneos*]" = "iPhone Developer";
				COPY_PHASE_STRIP = NO;
				ENABLE_STRICT_OBJC_MSGSEND = YES;
				GCC_C_LANGUAGE_STANDARD = gnu99;
				GCC_DYNAMIC_NO_PIC = NO;
				GCC_OPTIMIZATION_LEVEL = 0;
				GCC_PREPROCESSOR_DEFINITIONS = (
					"DEBUG=1",
					"$(inherited)",
				);
				GCC_SYMBOLS_PRIVATE_EXTERN = NO;
				GCC_WARN_64_TO_32_BIT_CONVERSION = YES;
				GCC_WARN_ABOUT_RETURN_TYPE = YES_ERROR;
				GCC_WARN_UNDECLARED_SELECTOR = YES;
				GCC_WARN_UNINITIALIZED_AUTOS = YES_AGGRESSIVE;
				GCC_WARN_UNUSED_FUNCTION = YES;
				GCC_WARN_UNUSED_VARIABLE = YES;
				IPHONEOS_DEPLOYMENT_TARGET = 8.2;
				MTL_ENABLE_DEBUG_INFO = YES;
				ONLY_ACTIVE_ARCH = YES;
				SDKROOT = iphoneos;
			};
			name = Debug;
		};
		84B3D8F11B53CEDD00629E97 /* Release */ = {
			isa = XCBuildConfiguration;
			buildSettings = {
				ALWAYS_SEARCH_USER_PATHS = NO;
				CLANG_CXX_LANGUAGE_STANDARD = "gnu++0x";
				CLANG_CXX_LIBRARY = "libc++";
				CLANG_ENABLE_MODULES = YES;
				CLANG_ENABLE_OBJC_ARC = YES;
				CLANG_WARN_BOOL_CONVERSION = YES;
				CLANG_WARN_CONSTANT_CONVERSION = YES;
				CLANG_WARN_DIRECT_OBJC_ISA_USAGE = YES_ERROR;
				CLANG_WARN_EMPTY_BODY = YES;
				CLANG_WARN_ENUM_CONVERSION = YES;
				CLANG_WARN_INT_CONVERSION = YES;
				CLANG_WARN_OBJC_ROOT_CLASS = YES_ERROR;
				CLANG_WARN_UNREACHABLE_CODE = YES;
				CLANG_WARN__DUPLICATE_METHOD_MATCH = YES;
				"CODE_SIGN_IDENTITY[sdk=iphoneos*]" = "iPhone Developer";
				COPY_PHASE_STRIP = NO;
				ENABLE_NS_ASSERTIONS = NO;
				ENABLE_STRICT_OBJC_MSGSEND = YES;
				GCC_C_LANGUAGE_STANDARD = gnu99;
				GCC_WARN_64_TO_32_BIT_CONVERSION = YES;
				GCC_WARN_ABOUT_RETURN_TYPE = YES_ERROR;
				GCC_WARN_UNDECLARED_SELECTOR = YES;
				GCC_WARN_UNINITIALIZED_AUTOS = YES_AGGRESSIVE;
				GCC_WARN_UNUSED_FUNCTION = YES;
				GCC_WARN_UNUSED_VARIABLE = YES;
				IPHONEOS_DEPLOYMENT_TARGET = 8.2;
				MTL_ENABLE_DEBUG_INFO = NO;
				SDKROOT = iphoneos;
				VALIDATE_PRODUCT = YES;
			};
			name = Release;
		};
		84B3D8F31B53CEDD00629E97 /* Debug */ = {
			isa = XCBuildConfiguration;
			baseConfigurationReference = 7B1CF64AA6777D32DF8939FA /* Pods.debug.xcconfig */;
			buildSettings = {
				ASSETCATALOG_COMPILER_APPICON_NAME = AppIcon;
				INFOPLIST_FILE = CollectionView/Info.plist;
				LD_RUNPATH_SEARCH_PATHS = "$(inherited) @executable_path/Frameworks";
				PRODUCT_NAME = "$(TARGET_NAME)";
			};
			name = Debug;
		};
		84B3D8F41B53CEDD00629E97 /* Release */ = {
			isa = XCBuildConfiguration;
			baseConfigurationReference = 91D1B1240DD89A3064335226 /* Pods.release.xcconfig */;
			buildSettings = {
				ASSETCATALOG_COMPILER_APPICON_NAME = AppIcon;
				INFOPLIST_FILE = CollectionView/Info.plist;
				LD_RUNPATH_SEARCH_PATHS = "$(inherited) @executable_path/Frameworks";
				PRODUCT_NAME = "$(TARGET_NAME)";
			};
			name = Release;
		};
		84B3D8F61B53CEDD00629E97 /* Debug */ = {
			isa = XCBuildConfiguration;
			buildSettings = {
				BUNDLE_LOADER = "$(TEST_HOST)";
				FRAMEWORK_SEARCH_PATHS = (
					"$(SDKROOT)/Developer/Library/Frameworks",
					"$(inherited)",
				);
				GCC_PREPROCESSOR_DEFINITIONS = (
					"DEBUG=1",
					"$(inherited)",
				);
				INFOPLIST_FILE = CollectionViewTests/Info.plist;
				LD_RUNPATH_SEARCH_PATHS = "$(inherited) @executable_path/Frameworks @loader_path/Frameworks";
				PRODUCT_NAME = "$(TARGET_NAME)";
				TEST_HOST = "$(BUILT_PRODUCTS_DIR)/CollectionView.app/CollectionView";
			};
			name = Debug;
		};
		84B3D8F71B53CEDD00629E97 /* Release */ = {
			isa = XCBuildConfiguration;
			buildSettings = {
				BUNDLE_LOADER = "$(TEST_HOST)";
				FRAMEWORK_SEARCH_PATHS = (
					"$(SDKROOT)/Developer/Library/Frameworks",
					"$(inherited)",
				);
				INFOPLIST_FILE = CollectionViewTests/Info.plist;
				LD_RUNPATH_SEARCH_PATHS = "$(inherited) @executable_path/Frameworks @loader_path/Frameworks";
				PRODUCT_NAME = "$(TARGET_NAME)";
				TEST_HOST = "$(BUILT_PRODUCTS_DIR)/CollectionView.app/CollectionView";
			};
			name = Release;
		};
/* End XCBuildConfiguration section */

/* Begin XCConfigurationList section */
		84B3D8CA1B53CEDC00629E97 /* Build configuration list for PBXProject "CollectionView" */ = {
			isa = XCConfigurationList;
			buildConfigurations = (
				84B3D8F01B53CEDD00629E97 /* Debug */,
				84B3D8F11B53CEDD00629E97 /* Release */,
			);
			defaultConfigurationIsVisible = 0;
			defaultConfigurationName = Release;
		};
		84B3D8F21B53CEDD00629E97 /* Build configuration list for PBXNativeTarget "CollectionView" */ = {
			isa = XCConfigurationList;
			buildConfigurations = (
				84B3D8F31B53CEDD00629E97 /* Debug */,
				84B3D8F41B53CEDD00629E97 /* Release */,
			);
			defaultConfigurationIsVisible = 0;
			defaultConfigurationName = Release;
		};
		84B3D8F51B53CEDD00629E97 /* Build configuration list for PBXNativeTarget "CollectionViewTests" */ = {
			isa = XCConfigurationList;
			buildConfigurations = (
				84B3D8F61B53CEDD00629E97 /* Debug */,
				84B3D8F71B53CEDD00629E97 /* Release */,
			);
			defaultConfigurationIsVisible = 0;
			defaultConfigurationName = Release;
		};
/* End XCConfigurationList section */
	};
	rootObject = 84B3D8C71B53CEDC00629E97 /* Project object */;
}
